
Microsoft Visual Studio Solution File, Format Version 12.00
# Visual Studio Version 16
VisualStudioVersion = 16.0.30804.86
MinimumVisualStudioVersion = 10.0.40219.1
Project("{FAE04EC0-301F-11D3-BF4B-00C04F79EFBC}") = "5NIT_ConsApp_Arrays", "5NIT_ConsApp_Arrays\5NIT_ConsApp_Arrays.csproj", "{E5D092AB-21C0-4B72-B74A-44F2CC19D363}"
EndProject
Global
	GlobalSection(SolutionConfigurationPlatforms) = preSolution
		Debug|Any CPU = Debug|Any CPU
		Release|Any CPU = Release|Any CPU
	EndGlobalSection
	GlobalSection(ProjectConfigurationPlatforms) = postSolution
		{E5D092AB-21C0-4B72-B74A-44F2CC19D363}.Debug|Any CPU.ActiveCfg = Debug|Any CPU
		{E5D092AB-21C0-4B72-B74A-44F2CC19D363}.Debug|Any CPU.Build.0 = Debug|Any CPU
		{E5D092AB-21C0-4B72-B74A-44F2CC19D363}.Release|Any CPU.ActiveCfg = Release|Any CPU
		{E5D092AB-21C0-4B72-B74A-44F2CC19D363}.Release|Any CPU.Build.0 = Release|Any CPU
	EndGlobalSection
	GlobalSection(SolutionProperties) = preSolution
		HideSolutionNode = FALSE
	EndGlobalSection
	GlobalSection(ExtensibilityGlobals) = postSolution
		SolutionGuid = {D1E42D43-E764-44B8-A87C-4B50CB0999E9}
	EndGlobalSection
EndGlobal
